
Microsoft Visual Studio Solution File, Format Version 12.00
# Visual Studio Version 17
VisualStudioVersion = 17.7.34024.191
MinimumVisualStudioVersion = 10.0.40219.1
Project("{9A19103F-16F7-4668-BE54-9A1E7A4F7556}") = "AAT", "AAT\AAT.csproj", "{FB122220-AF9F-465A-9C5C-DE3DB4C72ADC}"
EndProject
Project("{9A19103F-16F7-4668-BE54-9A1E7A4F7556}") = "AATAPI", "AATAPI\AATAPI.csproj", "{B6F4FA40-B4E5-4AAB-A2C7-C2BFE96BC50C}"
EndProject
Project("{9A19103F-16F7-4668-BE54-9A1E7A4F7556}") = "AATMODELS", "AATMODELS\AATMODELS.csproj", "{5A72ADC5-6720-4756-A09B-B445F99EB9C5}"
EndProject
Global
	GlobalSection(SolutionConfigurationPlatforms) = preSolution
		Debug|Any CPU = Debug|Any CPU
		Release|Any CPU = Release|Any CPU
	EndGlobalSection
	GlobalSection(ProjectConfigurationPlatforms) = postSolution
		{FB122220-AF9F-465A-9C5C-DE3DB4C72ADC}.Debug|Any CPU.ActiveCfg = Debug|Any CPU
		{FB122220-AF9F-465A-9C5C-DE3DB4C72ADC}.Debug|Any CPU.Build.0 = Debug|Any CPU
		{FB122220-AF9F-465A-9C5C-DE3DB4C72ADC}.Release|Any CPU.ActiveCfg = Release|Any CPU
		{FB122220-AF9F-465A-9C5C-DE3DB4C72ADC}.Release|Any CPU.Build.0 = Release|Any CPU
		{B6F4FA40-B4E5-4AAB-A2C7-C2BFE96BC50C}.Debug|Any CPU.ActiveCfg = Debug|Any CPU
		{B6F4FA40-B4E5-4AAB-A2C7-C2BFE96BC50C}.Debug|Any CPU.Build.0 = Debug|Any CPU
		{B6F4FA40-B4E5-4AAB-A2C7-C2BFE96BC50C}.Release|Any CPU.ActiveCfg = Release|Any CPU
		{B6F4FA40-B4E5-4AAB-A2C7-C2BFE96BC50C}.Release|Any CPU.Build.0 = Release|Any CPU
		{5A72ADC5-6720-4756-A09B-B445F99EB9C5}.Debug|Any CPU.ActiveCfg = Debug|Any CPU
		{5A72ADC5-6720-4756-A09B-B445F99EB9C5}.Debug|Any CPU.Build.0 = Debug|Any CPU
		{5A72ADC5-6720-4756-A09B-B445F99EB9C5}.Release|Any CPU.ActiveCfg = Release|Any CPU
		{5A72ADC5-6720-4756-A09B-B445F99EB9C5}.Release|Any CPU.Build.0 = Release|Any CPU
	EndGlobalSection
	GlobalSection(SolutionProperties) = preSolution
		HideSolutionNode = FALSE
	EndGlobalSection
	GlobalSection(ExtensibilityGlobals) = postSolution
		SolutionGuid = {130D2F96-6B4B-426A-BA5E-2A6E24E61C7B}
	EndGlobalSection
EndGlobal
